
Microsoft Visual Studio Solution File, Format Version 12.00
# Visual Studio Version 16
VisualStudioVersion = 16.0.810.5
MinimumVisualStudioVersion = 10.0.40219.1
Project("{FAE04EC0-301F-11D3-BF4B-00C04F79EFBC}") = "toBinary", "toBinary\toBinary.csproj", "{88C52882-C62C-4B83-B512-48E472BA86C4}"
EndProject
Global
	GlobalSection(SolutionConfigurationPlatforms) = preSolution
		Debug|Any CPU = Debug|Any CPU
		Release|Any CPU = Release|Any CPU
	EndGlobalSection
	GlobalSection(ProjectConfigurationPlatforms) = postSolution
		{88C52882-C62C-4B83-B512-48E472BA86C4}.Debug|Any CPU.ActiveCfg = Debug|Any CPU
		{88C52882-C62C-4B83-B512-48E472BA86C4}.Debug|Any CPU.Build.0 = Debug|Any CPU
		{88C52882-C62C-4B83-B512-48E472BA86C4}.Release|Any CPU.ActiveCfg = Release|Any CPU
		{88C52882-C62C-4B83-B512-48E472BA86C4}.Release|Any CPU.Build.0 = Release|Any CPU
	EndGlobalSection
	GlobalSection(SolutionProperties) = preSolution
		HideSolutionNode = FALSE
	EndGlobalSection
	GlobalSection(ExtensibilityGlobals) = postSolution
		SolutionGuid = {AAC4ECBE-3D09-46A8-8A86-1A493F5C83B5}
	EndGlobalSection
EndGlobal
