
Microsoft Visual Studio Solution File, Format Version 12.00
# Visual Studio Version 16
VisualStudioVersion = 16.0.810.5
MinimumVisualStudioVersion = 10.0.40219.1
Project("{FAE04EC0-301F-11D3-BF4B-00C04F79EFBC}") = "ReverseNumber", "ReverseNumber\ReverseNumber.csproj", "{DF5361F1-69FC-4B7D-BEFE-DE54B71A1544}"
EndProject
Global
	GlobalSection(SolutionConfigurationPlatforms) = preSolution
		Debug|Any CPU = Debug|Any CPU
		Release|Any CPU = Release|Any CPU
	EndGlobalSection
	GlobalSection(ProjectConfigurationPlatforms) = postSolution
		{DF5361F1-69FC-4B7D-BEFE-DE54B71A1544}.Debug|Any CPU.ActiveCfg = Debug|Any CPU
		{DF5361F1-69FC-4B7D-BEFE-DE54B71A1544}.Debug|Any CPU.Build.0 = Debug|Any CPU
		{DF5361F1-69FC-4B7D-BEFE-DE54B71A1544}.Release|Any CPU.ActiveCfg = Release|Any CPU
		{DF5361F1-69FC-4B7D-BEFE-DE54B71A1544}.Release|Any CPU.Build.0 = Release|Any CPU
	EndGlobalSection
	GlobalSection(SolutionProperties) = preSolution
		HideSolutionNode = FALSE
	EndGlobalSection
	GlobalSection(ExtensibilityGlobals) = postSolution
		SolutionGuid = {54374D37-875D-44E8-96FB-F2CC8361D585}
	EndGlobalSection
EndGlobal
